{
  "name": "project-mgr",
  "version": "1.0.0",
  "lockfileVersion": 3,
  "requires": true,
  "packages": {
    "": {
      "name": "project-mgr",
      "version": "1.0.0",
      "license": "ISC",
      "dependencies": {
        "@smartledger/schema-icu-sdk": "^1.0.2"
      }
    },
    "node_modules/@smartledger/schema-icu-sdk": {
      "version": "1.0.2",
      "resolved": "https://registry.npmjs.org/@smartledger/schema-icu-sdk/-/schema-icu-sdk-1.0.2.tgz",
      "integrity": "sha512-0J3SsN63CT723Dh3D7nryOj5Wo2KgVBFpRICa3mH9phRj/GrPzDCm5v9egkLu0t2qmjTUlBJnCfxBM3rq5m1sQ==",
      "license": "MIT",
      "dependencies": {
        "dotenv": "^17.2.3"
      },
      "bin": {
        "schema-icu": "cli/index.js"
      },
      "engines": {
        "node": ">=14.0.0"
      }
    },
    "node_modules/dotenv": {
      "version": "17.2.3",
      "resolved": "https://registry.npmjs.org/dotenv/-/dotenv-17.2.3.tgz",
      "integrity": "sha512-JVUnt+DUIzu87TABbhPmNfVdBDt18BLOWjMUFJMSi/Qqg7NTYtabbvSNJGOJ7afbRuv9D/lngizHtP7QyLQ+9w==",
      "license": "BSD-2-Clause",
      "engines": {
        "node": ">=12"
      },
      "funding": {
        "url": "https://dotenvx.com"
      }
    }
  }
}
